{
  "version": "2",
  "remote": {},
  "npm": {
    "specifiers": {
      "@swc/cli": "@swc/cli@0.1.57",
      "html-minifier": "html-minifier@4.0.0",
      "terser": "terser@5.15.1"
    },
    "packages": {
      "@jridgewell/gen-mapping@0.3.2": {
        "integrity": "sha512-mh65xKQAzI6iBcFzwv28KVWSmCkdRBWoOh+bYQGW3+6OZvbbN3TqMGo5hqYxQniRcH9F2VZIoJCm4pa3BPDK/A==",
        "dependencies": {
          "@jridgewell/set-array": "@jridgewell/set-array@1.1.2",
          "@jridgewell/sourcemap-codec": "@jridgewell/sourcemap-codec@1.4.14",
          "@jridgewell/trace-mapping": "@jridgewell/trace-mapping@0.3.17"
        }
      },
      "@jridgewell/resolve-uri@3.1.0": {
        "integrity": "sha512-F2msla3tad+Mfht5cJq7LSXcdudKTWCVYUgw6pLFOOHSTtZlj6SWNYAp+AhuqLmWdBO2X5hPrLcu8cVP8fy28w==",
        "dependencies": {}
      },
      "@jridgewell/set-array@1.1.2": {
        "integrity": "sha512-xnkseuNADM0gt2bs+BvhO0p78Mk762YnZdsuzFV018NoG1Sj1SCQvpSqa7XUaTam5vAGasABV9qXASMKnFMwMw==",
        "dependencies": {}
      },
      "@jridgewell/source-map@0.3.2": {
        "integrity": "sha512-m7O9o2uR8k2ObDysZYzdfhb08VuEml5oWGiosa1VdaPZ/A6QyPkAJuwN0Q1lhULOf6B7MtQmHENS743hWtCrgw==",
        "dependencies": {
          "@jridgewell/gen-mapping": "@jridgewell/gen-mapping@0.3.2",
          "@jridgewell/trace-mapping": "@jridgewell/trace-mapping@0.3.17"
        }
      },
      "@jridgewell/sourcemap-codec@1.4.14": {
        "integrity": "sha512-XPSJHWmi394fuUuzDnGz1wiKqWfo1yXecHQMRf2l6hztTO+nPru658AyDngaBe7isIxEkRsPR3FZh+s7iVa4Uw==",
        "dependencies": {}
      },
      "@jridgewell/trace-mapping@0.3.17": {
        "integrity": "sha512-MCNzAp77qzKca9+W/+I0+sEpaUnZoeasnghNeVc41VZCEKaCH73Vq3BZZ/SzWIgrqE4H4ceI+p+b6C0mHf9T4g==",
        "dependencies": {
          "@jridgewell/resolve-uri": "@jridgewell/resolve-uri@3.1.0",
          "@jridgewell/sourcemap-codec": "@jridgewell/sourcemap-codec@1.4.14"
        }
      },
      "@nodelib/fs.scandir@2.1.5": {
        "integrity": "sha512-vq24Bq3ym5HEQm2NKCr3yXDwjc7vTsEThRDnkp2DK9p1uqLR+DHurm/NOTo0KG7HYHU7eppKZj3MyqYuMBf62g==",
        "dependencies": {
          "@nodelib/fs.stat": "@nodelib/fs.stat@2.0.5",
          "run-parallel": "run-parallel@1.2.0"
        }
      },
      "@nodelib/fs.stat@2.0.5": {
        "integrity": "sha512-RkhPPp2zrqDAQA/2jNhnztcPAlv64XdhIp7a7454A5ovI7Bukxgt7MX7udwAu3zg1DcpPU0rz3VV1SeaqvY4+A==",
        "dependencies": {}
      },
      "@nodelib/fs.walk@1.2.8": {
        "integrity": "sha512-oGB+UxlgWcgQkgwo8GcEGwemoTFt3FIO9ababBmaGwXIoBKZ+GTy0pP185beGg7Llih/NSHSV2XAs1lnznocSg==",
        "dependencies": {
          "@nodelib/fs.scandir": "@nodelib/fs.scandir@2.1.5",
          "fastq": "fastq@1.13.0"
        }
      },
      "@swc/cli@0.1.57": {
        "integrity": "sha512-HxM8TqYHhAg+zp7+RdTU69bnkl4MWdt1ygyp6BDIPjTiaJVH6Dizn2ezbgDS8mnFZI1FyhKvxU/bbaUs8XhzQg==",
        "dependencies": {
          "@swc/core": "@swc/core@1.3.18",
          "commander": "commander@7.2.0",
          "fast-glob": "fast-glob@3.2.12",
          "slash": "slash@3.0.0",
          "source-map": "source-map@0.7.4"
        }
      },
      "@swc/core-darwin-arm64@1.3.18": {
        "integrity": "sha512-4UEQ+LyzDFTszEy4LCU50h4cjVNJcNwD87aVBT/8i6YXj5dyMki/TrkIQ6Bhv7g5beg2GRncB2ndjN66r8I8+w==",
        "dependencies": {}
      },
      "@swc/core-darwin-x64@1.3.18": {
        "integrity": "sha512-DSCd7eVr+4ukffNnvhrFmUoCF0VLOXPgGmdwm6u0irLWOLtr2VZNZcf7UF+t/Y9jPKmXz3OY6lVgwtjxZhiklQ==",
        "dependencies": {}
      },
      "@swc/core-linux-arm-gnueabihf@1.3.18": {
        "integrity": "sha512-9dy6qJiWAls9OrBvrWbFDbjEkuOPrEP6OsKyrQWTMqLjCLwgLa3g4yC0YtPdUa/A8uyNVKtRcq+NXoKW+mP/QQ==",
        "dependencies": {}
      },
      "@swc/core-linux-arm64-gnu@1.3.18": {
        "integrity": "sha512-8FZjiUSM4JBQTD4sV7Y6BNMdo0oDlqa8xYVaAimuIBL8ixD/Fb+0GIxKdB59yKRVQyuXJRa6Pwzd7zk3wY5T0Q==",
        "dependencies": {}
      },
      "@swc/core-linux-arm64-musl@1.3.18": {
        "integrity": "sha512-0zNqfFeAHZp37lu+lTVvZKfDM10EIoYJtv9sWz+0EA5mkzwj4NtC3ialTIjcPAyJ9Oq4zBtToW2hv7qEtyBHZw==",
        "dependencies": {}
      },
      "@swc/core-linux-x64-gnu@1.3.18": {
        "integrity": "sha512-PA3Cc97Kc6W6RtpBLeJaoXLCRL5dJLYd2dszf+f5hGHHJybh6eXGIU0ZkZr898NUHoL8fT6Mg6I4JCNImq/yBg==",
        "dependencies": {}
      },
      "@swc/core-linux-x64-musl@1.3.18": {
        "integrity": "sha512-RiZXHwED8cfD/zoBG01iY8YZtOF/8t9XHZ1JqCx9PWOMjXD3Vc8F2I7bp1Qg6ahzWEaP+2+/rqGO1kSwaJjJLw==",
        "dependencies": {}
      },
      "@swc/core-win32-arm64-msvc@1.3.18": {
        "integrity": "sha512-G1Lu/sP+v34lwsGFreklnCdxygMLmobyLY31cNPd0i47ZwgrGowuTV34Mcqfc4AWRkayqVAIlb/WWIZ1+qemcA==",
        "dependencies": {}
      },
      "@swc/core-win32-ia32-msvc@1.3.18": {
        "integrity": "sha512-Uu+m5BPemw5ZiG6LaF+pP0qFQuIXF55wMZNa0Dbl/16hF7ci6q941MT6CqeK5LQQ52FVVqeYO5lDk5CggaA3Mw==",
        "dependencies": {}
      },
      "@swc/core-win32-x64-msvc@1.3.18": {
        "integrity": "sha512-9o8uFNsPmWB5FFQSDCsI/KVBSHuAILEwB/hMvbUxKtZeSWAQTm5BqbNPi6X11KJ3MdyoJn7zPejj3grL3dcd/w==",
        "dependencies": {}
      },
      "@swc/core@1.3.18": {
        "integrity": "sha512-VChk3ldLhmVoX3Hd2M3Y4j960T0lo2Zus60iZoWST6P65RVPt8BatFVVPAB9dABy1dB5zn1BCpHlH85yXVysQw==",
        "dependencies": {
          "@swc/core-darwin-arm64": "@swc/core-darwin-arm64@1.3.18",
          "@swc/core-darwin-x64": "@swc/core-darwin-x64@1.3.18",
          "@swc/core-linux-arm-gnueabihf": "@swc/core-linux-arm-gnueabihf@1.3.18",
          "@swc/core-linux-arm64-gnu": "@swc/core-linux-arm64-gnu@1.3.18",
          "@swc/core-linux-arm64-musl": "@swc/core-linux-arm64-musl@1.3.18",
          "@swc/core-linux-x64-gnu": "@swc/core-linux-x64-gnu@1.3.18",
          "@swc/core-linux-x64-musl": "@swc/core-linux-x64-musl@1.3.18",
          "@swc/core-win32-arm64-msvc": "@swc/core-win32-arm64-msvc@1.3.18",
          "@swc/core-win32-ia32-msvc": "@swc/core-win32-ia32-msvc@1.3.18",
          "@swc/core-win32-x64-msvc": "@swc/core-win32-x64-msvc@1.3.18"
        }
      },
      "acorn@8.8.1": {
        "integrity": "sha512-7zFpHzhnqYKrkYdUjF1HI1bzd0VygEGX8lFk4k5zVMqHEoES+P+7TKI+EvLO9WVMJ8eekdO0aDEK044xTXwPPA==",
        "dependencies": {}
      },
      "braces@3.0.2": {
        "integrity": "sha512-b8um+L1RzM3WDSzvhm6gIz1yfTbBt6YTlcEKAvsmqCZZFw46z626lVj9j1yEPW33H5H+lBQpZMP1k8l+78Ha0A==",
        "dependencies": { "fill-range": "fill-range@7.0.1" }
      },
      "buffer-from@1.1.2": {
        "integrity": "sha512-E+XQCRwSbaaiChtv6k6Dwgc+bx+Bs6vuKJHHl5kox/BaKbhiXzqQOwK4cO22yElGp2OCmjwVhT3HmxgyPGnJfQ==",
        "dependencies": {}
      },
      "camel-case@3.0.0": {
        "integrity": "sha512-+MbKztAYHXPr1jNTSKQF52VpcFjwY5RkR7fxksV8Doo4KAYc5Fl4UJRgthBbTmEx8C54DqahhbLJkDwjI3PI/w==",
        "dependencies": {
          "no-case": "no-case@2.3.2",
          "upper-case": "upper-case@1.1.3"
        }
      },
      "clean-css@4.2.4": {
        "integrity": "sha512-EJUDT7nDVFDvaQgAo2G/PJvxmp1o/c6iXLbswsBbUFXi1Nr+AjA2cKmfbKDMjMvzEe75g3P6JkaDDAKk96A85A==",
        "dependencies": { "source-map": "source-map@0.6.1" }
      },
      "commander@2.20.3": {
        "integrity": "sha512-GpVkmM8vF2vQUkj2LvZmD35JxeJOLCwJ9cUkugyk2nuhbv3+mJvpLYYt+0+USMxE+oj+ey/lJEnhZw75x/OMcQ==",
        "dependencies": {}
      },
      "commander@7.2.0": {
        "integrity": "sha512-QrWXB+ZQSVPmIWIhtEO9H+gwHaMGYiF5ChvoJ+K9ZGHG/sVsa6yiesAD1GC/x46sET00Xlwo1u49RVVVzvcSkw==",
        "dependencies": {}
      },
      "fast-glob@3.2.12": {
        "integrity": "sha512-DVj4CQIYYow0BlaelwK1pHl5n5cRSJfM60UA0zK891sVInoPri2Ekj7+e1CT3/3qxXenpI+nBBmQAcJPJgaj4w==",
        "dependencies": {
          "@nodelib/fs.stat": "@nodelib/fs.stat@2.0.5",
          "@nodelib/fs.walk": "@nodelib/fs.walk@1.2.8",
          "glob-parent": "glob-parent@5.1.2",
          "merge2": "merge2@1.4.1",
          "micromatch": "micromatch@4.0.5"
        }
      },
      "fastq@1.13.0": {
        "integrity": "sha512-YpkpUnK8od0o1hmeSc7UUs/eB/vIPWJYjKck2QKIzAf71Vm1AAQ3EbuZB3g2JIy+pg+ERD0vqI79KyZiB2e2Nw==",
        "dependencies": { "reusify": "reusify@1.0.4" }
      },
      "fill-range@7.0.1": {
        "integrity": "sha512-qOo9F+dMUmC2Lcb4BbVvnKJxTPjCm+RRpe4gDuGrzkL7mEVl/djYSu2OdQ2Pa302N4oqkSg9ir6jaLWJ2USVpQ==",
        "dependencies": { "to-regex-range": "to-regex-range@5.0.1" }
      },
      "glob-parent@5.1.2": {
        "integrity": "sha512-AOIgSQCepiJYwP3ARnGx+5VnTu2HBYdzbGP45eLw1vr3zB3vZLeyed1sC9hnbcOc9/SrMyM5RPQrkGz4aS9Zow==",
        "dependencies": { "is-glob": "is-glob@4.0.3" }
      },
      "he@1.2.0": {
        "integrity": "sha512-F/1DnUGPopORZi0ni+CvrCgHQ5FyEAHRLSApuYWMmrbSwoN2Mn/7k+Gl38gJnR7yyDZk6WLXwiGod1JOWNDKGw==",
        "dependencies": {}
      },
      "html-minifier@4.0.0": {
        "integrity": "sha512-aoGxanpFPLg7MkIl/DDFYtb0iWz7jMFGqFhvEDZga6/4QTjneiD8I/NXL1x5aaoCp7FSIT6h/OhykDdPsbtMig==",
        "dependencies": {
          "camel-case": "camel-case@3.0.0",
          "clean-css": "clean-css@4.2.4",
          "commander": "commander@2.20.3",
          "he": "he@1.2.0",
          "param-case": "param-case@2.1.1",
          "relateurl": "relateurl@0.2.7",
          "uglify-js": "uglify-js@3.17.4"
        }
      },
      "is-extglob@2.1.1": {
        "integrity": "sha512-SbKbANkN603Vi4jEZv49LeVJMn4yGwsbzZworEoyEiutsN3nJYdbO36zfhGJ6QEDpOZIFkDtnq5JRxmvl3jsoQ==",
        "dependencies": {}
      },
      "is-glob@4.0.3": {
        "integrity": "sha512-xelSayHH36ZgE7ZWhli7pW34hNbNl8Ojv5KVmkJD4hBdD3th8Tfk9vYasLM+mXWOZhFkgZfxhLSnrwRr4elSSg==",
        "dependencies": { "is-extglob": "is-extglob@2.1.1" }
      },
      "is-number@7.0.0": {
        "integrity": "sha512-41Cifkg6e8TylSpdtTpeLVMqvSBEVzTttHvERD741+pnZ8ANv0004MRL43QKPDlK9cGvNp6NZWZUBlbGXYxxng==",
        "dependencies": {}
      },
      "lower-case@1.1.4": {
        "integrity": "sha512-2Fgx1Ycm599x+WGpIYwJOvsjmXFzTSc34IwDWALRA/8AopUKAVPwfJ+h5+f85BCp0PWmmJcWzEpxOpoXycMpdA==",
        "dependencies": {}
      },
      "merge2@1.4.1": {
        "integrity": "sha512-8q7VEgMJW4J8tcfVPy8g09NcQwZdbwFEqhe/WZkoIzjn/3TGDwtOCYtXGxA3O8tPzpczCCDgv+P2P5y00ZJOOg==",
        "dependencies": {}
      },
      "micromatch@4.0.5": {
        "integrity": "sha512-DMy+ERcEW2q8Z2Po+WNXuw3c5YaUSFjAO5GsJqfEl7UjvtIuFKO6ZrKvcItdy98dwFI2N1tg3zNIdKaQT+aNdA==",
        "dependencies": {
          "braces": "braces@3.0.2",
          "picomatch": "picomatch@2.3.1"
        }
      },
      "no-case@2.3.2": {
        "integrity": "sha512-rmTZ9kz+f3rCvK2TD1Ue/oZlns7OGoIWP4fc3llxxRXlOkHKoWPPWJOfFYpITabSow43QJbRIoHQXtt10VldyQ==",
        "dependencies": { "lower-case": "lower-case@1.1.4" }
      },
      "param-case@2.1.1": {
        "integrity": "sha512-eQE845L6ot89sk2N8liD8HAuH4ca6Vvr7VWAWwt7+kvvG5aBcPmmphQ68JsEG2qa9n1TykS2DLeMt363AAH8/w==",
        "dependencies": { "no-case": "no-case@2.3.2" }
      },
      "picomatch@2.3.1": {
        "integrity": "sha512-JU3teHTNjmE2VCGFzuY8EXzCDVwEqB2a8fsIvwaStHhAWJEeVd1o1QD80CU6+ZdEXXSLbSsuLwJjkCBWqRQUVA==",
        "dependencies": {}
      },
      "queue-microtask@1.2.3": {
        "integrity": "sha512-NuaNSa6flKT5JaSYQzJok04JzTL1CA6aGhv5rfLW3PgqA+M2ChpZQnAC8h8i4ZFkBS8X5RqkDBHA7r4hej3K9A==",
        "dependencies": {}
      },
      "relateurl@0.2.7": {
        "integrity": "sha512-G08Dxvm4iDN3MLM0EsP62EDV9IuhXPR6blNz6Utcp7zyV3tr4HVNINt6MpaRWbxoOHT3Q7YN2P+jaHX8vUbgog==",
        "dependencies": {}
      },
      "reusify@1.0.4": {
        "integrity": "sha512-U9nH88a3fc/ekCF1l0/UP1IosiuIjyTh7hBvXVMHYgVcfGvt897Xguj2UOLDeI5BG2m7/uwyaLVT6fbtCwTyzw==",
        "dependencies": {}
      },
      "run-parallel@1.2.0": {
        "integrity": "sha512-5l4VyZR86LZ/lDxZTR6jqL8AFE2S0IFLMP26AbjsLVADxHdhB/c0GUsH+y39UfCi3dzz8OlQuPmnaJOMoDHQBA==",
        "dependencies": { "queue-microtask": "queue-microtask@1.2.3" }
      },
      "slash@3.0.0": {
        "integrity": "sha512-g9Q1haeby36OSStwb4ntCGGGaKsaVSjQ68fBxoQcutl5fS1vuY18H3wSt3jFyFtrkx+Kz0V1G85A4MyAdDMi2Q==",
        "dependencies": {}
      },
      "source-map-support@0.5.21": {
        "integrity": "sha512-uBHU3L3czsIyYXKX88fdrGovxdSCoTGDRZ6SYXtSRxLZUzHg5P/66Ht6uoUlHu9EZod+inXhKo3qQgwXUT/y1w==",
        "dependencies": {
          "buffer-from": "buffer-from@1.1.2",
          "source-map": "source-map@0.6.1"
        }
      },
      "source-map@0.6.1": {
        "integrity": "sha512-UjgapumWlbMhkBgzT7Ykc5YXUT46F0iKu8SGXq0bcwP5dz/h0Plj6enJqjz1Zbq2l5WaqYnrVbwWOWMyF3F47g==",
        "dependencies": {}
      },
      "source-map@0.7.4": {
        "integrity": "sha512-l3BikUxvPOcn5E74dZiq5BGsTb5yEwhaTSzccU6t4sDOH8NWJCstKO5QT2CvtFoK6F0saL7p9xHAqHOlCPJygA==",
        "dependencies": {}
      },
      "terser@5.15.1": {
        "integrity": "sha512-K1faMUvpm/FBxjBXud0LWVAGxmvoPbZbfTCYbSgaaYQaIXI3/TdI7a7ZGA73Zrou6Q8Zmz3oeUTsp/dj+ag2Xw==",
        "dependencies": {
          "@jridgewell/source-map": "@jridgewell/source-map@0.3.2",
          "acorn": "acorn@8.8.1",
          "commander": "commander@2.20.3",
          "source-map-support": "source-map-support@0.5.21"
        }
      },
      "to-regex-range@5.0.1": {
        "integrity": "sha512-65P7iz6X5yEr1cwcgvQxbbIw7Uk3gOy5dIdtZ4rDveLqhrdJP+Li/Hx6tyK0NEb+2GCyneCMJiGqrADCSNk8sQ==",
        "dependencies": { "is-number": "is-number@7.0.0" }
      },
      "uglify-js@3.17.4": {
        "integrity": "sha512-T9q82TJI9e/C1TAxYvfb16xO120tMVFZrGA3f9/P4424DNu6ypK103y0GPFVa17yotwSyZW5iYXgjYHkGrJW/g==",
        "dependencies": {}
      },
      "upper-case@1.1.3": {
        "integrity": "sha512-WRbjgmYzgXkCV7zNVpy5YgrHgbBv126rMALQQMrmzOVC4GM2waQ9x7xtm8VU+1yF2kWyPzI9zbZ48n4vSxwfSA==",
        "dependencies": {}
      }
    }
  }
}
